
Microsoft Visual Studio Solution File, Format Version 12.00
# Visual Studio Version 17
VisualStudioVersion = 17.9.34723.18
MinimumVisualStudioVersion = 10.0.40219.1
Project("{9A19103F-16F7-4668-BE54-9A1E7A4F7556}") = "DotNetWeb", "DotNetWeb.csproj", "{F6A509AD-CFF4-4CB7-A72C-5922DA534710}"
EndProject
Project("{9A19103F-16F7-4668-BE54-9A1E7A4F7556}") = "DotNetWeb.DataAccess", "..\DotNetWeb.DataAccess\DotNetWeb.DataAccess.csproj", "{E0ABEC9C-12D8-424B-9A0F-4EB10C635EB1}"
EndProject
Project("{9A19103F-16F7-4668-BE54-9A1E7A4F7556}") = "DotNetWeb.Models", "..\DotNetWeb.Models\DotNetWeb.Models.csproj", "{689BFBA0-8D49-4D73-98D0-83A808130609}"
EndProject
Project("{9A19103F-16F7-4668-BE54-9A1E7A4F7556}") = "DotNetWeb.Utility", "..\DotNetWeb.Utility\DotNetWeb.Utility.csproj", "{9404A06B-EAB2-45FC-97CA-7B521943B0F0}"
EndProject
Global
	GlobalSection(SolutionConfigurationPlatforms) = preSolution
		Debug|Any CPU = Debug|Any CPU
		Release|Any CPU = Release|Any CPU
	EndGlobalSection
	GlobalSection(ProjectConfigurationPlatforms) = postSolution
		{F6A509AD-CFF4-4CB7-A72C-5922DA534710}.Debug|Any CPU.ActiveCfg = Debug|Any CPU
		{F6A509AD-CFF4-4CB7-A72C-5922DA534710}.Debug|Any CPU.Build.0 = Debug|Any CPU
		{F6A509AD-CFF4-4CB7-A72C-5922DA534710}.Release|Any CPU.ActiveCfg = Release|Any CPU
		{F6A509AD-CFF4-4CB7-A72C-5922DA534710}.Release|Any CPU.Build.0 = Release|Any CPU
		{E0ABEC9C-12D8-424B-9A0F-4EB10C635EB1}.Debug|Any CPU.ActiveCfg = Debug|Any CPU
		{E0ABEC9C-12D8-424B-9A0F-4EB10C635EB1}.Debug|Any CPU.Build.0 = Debug|Any CPU
		{E0ABEC9C-12D8-424B-9A0F-4EB10C635EB1}.Release|Any CPU.ActiveCfg = Release|Any CPU
		{E0ABEC9C-12D8-424B-9A0F-4EB10C635EB1}.Release|Any CPU.Build.0 = Release|Any CPU
		{689BFBA0-8D49-4D73-98D0-83A808130609}.Debug|Any CPU.ActiveCfg = Debug|Any CPU
		{689BFBA0-8D49-4D73-98D0-83A808130609}.Debug|Any CPU.Build.0 = Debug|Any CPU
		{689BFBA0-8D49-4D73-98D0-83A808130609}.Release|Any CPU.ActiveCfg = Release|Any CPU
		{689BFBA0-8D49-4D73-98D0-83A808130609}.Release|Any CPU.Build.0 = Release|Any CPU
		{9404A06B-EAB2-45FC-97CA-7B521943B0F0}.Debug|Any CPU.ActiveCfg = Debug|Any CPU
		{9404A06B-EAB2-45FC-97CA-7B521943B0F0}.Debug|Any CPU.Build.0 = Debug|Any CPU
		{9404A06B-EAB2-45FC-97CA-7B521943B0F0}.Release|Any CPU.ActiveCfg = Release|Any CPU
		{9404A06B-EAB2-45FC-97CA-7B521943B0F0}.Release|Any CPU.Build.0 = Release|Any CPU
	EndGlobalSection
	GlobalSection(SolutionProperties) = preSolution
		HideSolutionNode = FALSE
	EndGlobalSection
	GlobalSection(ExtensibilityGlobals) = postSolution
		SolutionGuid = {0836E276-6D84-4F55-AC1E-3598D9E01B79}
	EndGlobalSection
EndGlobal
